<Solution>
  <Folder Name="/Lambdas/" />
  <Folder Name="/Lambdas/Employer/">
    <Project Path="../../../Downloads/Compressed/DDAC_ASSIGNMENT-feature-assignment-2-employer/DDAC_ASSIGNMENT-feature-assignment-2-employer/DDAC.Employer.Interviews.Lambda/DDAC.Employer.Interviews.Lambda.csproj" />
  </Folder>
  <Folder Name="/Lambdas/JobSeeker/">
    <Project Path="../../../Downloads/Compressed/DDAC_ASSIGNMENT-Mayan-Task2/DDAC_ASSIGNMENT-Mayan-Task2/DDAC.JS.GuidanceLambda/DDAC.JS.GuidanceLambda.csproj" />
    <Project Path="../../../Downloads/Compressed/DDAC_ASSIGNMENT-Mayan-Task2/DDAC_ASSIGNMENT-Mayan-Task2/DDAC.JS.InquiryLambda/DDAC.JS.InquiryLambda.csproj" />
    <Project Path="../../../Downloads/Compressed/DDAC_ASSIGNMENT-Mayan-Task2/DDAC_ASSIGNMENT-Mayan-Task2/DDAC.JS.JobApplicationLambda/DDAC.JS.JobApplicationLambda.csproj" />
    <Project Path="../../../Downloads/Compressed/DDAC_ASSIGNMENT-Mayan-Task2/DDAC_ASSIGNMENT-Mayan-Task2/DDAC.JS.JobApplicationProcessorLambda/DDAC.JS.JobApplicationProcessorLambda.csproj" />
  </Folder>
  <Project Path="DDAC/DDAC.csproj" />
</Solution>
