<Solution>
  <Folder Name="/Lambdas/" />
  <Folder Name="/Lambdas/Employer/">
    <Project Path="DDAC.Employer.Interviews.Lambda/DDAC.Employer.Interviews.Lambda.csproj" />
  </Folder>
  <Folder Name="/Lambdas/JobSeeker/">
    <Project Path="DDAC.JS.GuidanceLambda/DDAC.JS.GuidanceLambda.csproj" />
    <Project Path="DDAC.JS.InquiryLambda/DDAC.JS.InquiryLambda.csproj" />
    <Project Path="DDAC.JS.JobApplicationLambda/DDAC.JS.JobApplicationLambda.csproj" />
    <Project Path="DDAC.JS.JobApplicationProcessorLambda/DDAC.JS.JobApplicationProcessorLambda.csproj" />
  </Folder>
  <Project Path="DDAC/DDAC.csproj" />
</Solution>
